
Microsoft Visual Studio Solution File, Format Version 12.00
# Visual Studio Version 17
VisualStudioVersion = 17.14.37411.7 d17.14
MinimumVisualStudioVersion = 10.0.40219.1
Project("{FAE04EC0-301F-11D3-BF4B-00C04F79EFBC}") = "ProductManagement.API", "ProductManagement.API\ProductManagement.API.csproj", "{2049DDC2-F9F4-46FC-BA93-FBD1D48045EF}"
EndProject
Global
	GlobalSection(SolutionConfigurationPlatforms) = preSolution
		Debug|Any CPU = Debug|Any CPU
		Release|Any CPU = Release|Any CPU
	EndGlobalSection
	GlobalSection(ProjectConfigurationPlatforms) = postSolution
		{2049DDC2-F9F4-46FC-BA93-FBD1D48045EF}.Debug|Any CPU.ActiveCfg = Debug|Any CPU
		{2049DDC2-F9F4-46FC-BA93-FBD1D48045EF}.Debug|Any CPU.Build.0 = Debug|Any CPU
		{2049DDC2-F9F4-46FC-BA93-FBD1D48045EF}.Release|Any CPU.ActiveCfg = Release|Any CPU
		{2049DDC2-F9F4-46FC-BA93-FBD1D48045EF}.Release|Any CPU.Build.0 = Release|Any CPU
	EndGlobalSection
	GlobalSection(SolutionProperties) = preSolution
		HideSolutionNode = FALSE
	EndGlobalSection
	GlobalSection(ExtensibilityGlobals) = postSolution
		SolutionGuid = {3B97F970-28AF-475B-B657-18B6E042E338}
	EndGlobalSection
EndGlobal
